
Microsoft Visual Studio Solution File, Format Version 12.00
# Visual Studio Version 17
VisualStudioVersion = 17.4.33205.214
MinimumVisualStudioVersion = 10.0.40219.1
Project("{FAE04EC0-301F-11D3-BF4B-00C04F79EFBC}") = "TileTales", "TileTales\TileTales.csproj", "{62B225A1-6D8B-427C-86BB-F489D219627B}"
EndProject
Global
	GlobalSection(SolutionConfigurationPlatforms) = preSolution
		Debug|Any CPU = Debug|Any CPU
		Release|Any CPU = Release|Any CPU
	EndGlobalSection
	GlobalSection(ProjectConfigurationPlatforms) = postSolution
		{62B225A1-6D8B-427C-86BB-F489D219627B}.Debug|Any CPU.ActiveCfg = Debug|Any CPU
		{62B225A1-6D8B-427C-86BB-F489D219627B}.Debug|Any CPU.Build.0 = Debug|Any CPU
		{62B225A1-6D8B-427C-86BB-F489D219627B}.Release|Any CPU.ActiveCfg = Release|Any CPU
		{62B225A1-6D8B-427C-86BB-F489D219627B}.Release|Any CPU.Build.0 = Release|Any CPU
	EndGlobalSection
	GlobalSection(SolutionProperties) = preSolution
		HideSolutionNode = FALSE
	EndGlobalSection
	GlobalSection(ExtensibilityGlobals) = postSolution
		SolutionGuid = {1293E70F-B74E-47E0-BCBD-4AD17AD1784F}
	EndGlobalSection
EndGlobal
